PODS:
  - NSLogger/NoStrip (1.5.1)

DEPENDENCIES:
  - NSLogger/NoStrip (from `https://github.com/fpillet/NSLogger.git`, commit `c20af3052b`)

EXTERNAL SOURCES:
  NSLogger:
    :commit: c20af3052b
    :git: https://github.com/fpillet/NSLogger.git

CHECKOUT OPTIONS:
  NSLogger:
    :commit: c20af3052b
    :git: https://github.com/fpillet/NSLogger.git

SPEC CHECKSUMS:
  NSLogger: 5ed223a2436df96244e033be750656dacdeec034

COCOAPODS: 0.39.0
